
Microsoft Visual Studio Solution File, Format Version 12.00
# Visual Studio Version 16
VisualStudioVersion = 16.0.29326.143
MinimumVisualStudioVersion = 10.0.40219.1
Project("{FAE04EC0-301F-11D3-BF4B-00C04F79EFBC}") = "Modelo", "Modelo\Modelo.csproj", "{DCE86B8D-830E-4CD7-9FFC-82EB87A051B6}"
EndProject
Project("{FAE04EC0-301F-11D3-BF4B-00C04F79EFBC}") = "DAOS", "DAOS\DAOS.csproj", "{72CAD848-2FFC-4BD8-B737-D54687665BE5}"
EndProject
Project("{FAE04EC0-301F-11D3-BF4B-00C04F79EFBC}") = "Vistas", "Vistas\Vistas.csproj", "{F859773E-2C10-4599-8079-B3EE8773E854}"
EndProject
Global
	GlobalSection(SolutionConfigurationPlatforms) = preSolution
		Debug|Any CPU = Debug|Any CPU
		Release|Any CPU = Release|Any CPU
	EndGlobalSection
	GlobalSection(ProjectConfigurationPlatforms) = postSolution
		{DCE86B8D-830E-4CD7-9FFC-82EB87A051B6}.Debug|Any CPU.ActiveCfg = Debug|Any CPU
		{DCE86B8D-830E-4CD7-9FFC-82EB87A051B6}.Debug|Any CPU.Build.0 = Debug|Any CPU
		{DCE86B8D-830E-4CD7-9FFC-82EB87A051B6}.Release|Any CPU.ActiveCfg = Release|Any CPU
		{DCE86B8D-830E-4CD7-9FFC-82EB87A051B6}.Release|Any CPU.Build.0 = Release|Any CPU
		{72CAD848-2FFC-4BD8-B737-D54687665BE5}.Debug|Any CPU.ActiveCfg = Debug|Any CPU
		{72CAD848-2FFC-4BD8-B737-D54687665BE5}.Debug|Any CPU.Build.0 = Debug|Any CPU
		{72CAD848-2FFC-4BD8-B737-D54687665BE5}.Release|Any CPU.ActiveCfg = Release|Any CPU
		{72CAD848-2FFC-4BD8-B737-D54687665BE5}.Release|Any CPU.Build.0 = Release|Any CPU
		{F859773E-2C10-4599-8079-B3EE8773E854}.Debug|Any CPU.ActiveCfg = Debug|Any CPU
		{F859773E-2C10-4599-8079-B3EE8773E854}.Debug|Any CPU.Build.0 = Debug|Any CPU
		{F859773E-2C10-4599-8079-B3EE8773E854}.Release|Any CPU.ActiveCfg = Release|Any CPU
		{F859773E-2C10-4599-8079-B3EE8773E854}.Release|Any CPU.Build.0 = Release|Any CPU
	EndGlobalSection
	GlobalSection(SolutionProperties) = preSolution
		HideSolutionNode = FALSE
	EndGlobalSection
	GlobalSection(ExtensibilityGlobals) = postSolution
		SolutionGuid = {9881F684-F21D-4571-966C-B93F7671D816}
	EndGlobalSection
EndGlobal
